
Microsoft Visual Studio Solution File, Format Version 12.00
# Visual Studio Version 16
VisualStudioVersion = 16.0.30011.22
MinimumVisualStudioVersion = 10.0.40219.1
Project("{9A19103F-16F7-4668-BE54-9A1E7A4F7556}") = "Ejercicio1", "Unidad1\Ejercicio1.csproj", "{D69B4F43-58F9-4DED-AABA-CA31B0E028E0}"
EndProject
Project("{9A19103F-16F7-4668-BE54-9A1E7A4F7556}") = "Ejercicio2", "Ejercicio2\Ejercicio2.csproj", "{570B2DDD-5466-457D-9E90-34AD02EEAD0C}"
EndProject
Project("{9A19103F-16F7-4668-BE54-9A1E7A4F7556}") = "Ejercicio3", "Ejercicio3\Ejercicio3.csproj", "{EB986810-714C-4802-8EFE-F0E45466E55C}"
EndProject
Project("{9A19103F-16F7-4668-BE54-9A1E7A4F7556}") = "Ejercicio4", "Ejercicio4\Ejercicio4.csproj", "{093DA208-323F-4EC3-8C69-781D34EEBFB8}"
EndProject
Project("{9A19103F-16F7-4668-BE54-9A1E7A4F7556}") = "Ejercicio5", "Ejercicio5\Ejercicio5.csproj", "{7DA50E21-228D-418C-B481-BF0F779A3832}"
EndProject
Project("{9A19103F-16F7-4668-BE54-9A1E7A4F7556}") = "Ejercicio6", "Ejercicio6\Ejercicio6.csproj", "{15960E51-3EDD-4495-82A2-CCB476A09D1C}"
EndProject
Project("{FAE04EC0-301F-11D3-BF4B-00C04F79EFBC}") = "Ejercicio7", "Ejercicio7\Ejercicio7.csproj", "{8A796B87-38CC-4273-8E9D-2F668C54E15D}"
EndProject
Project("{FAE04EC0-301F-11D3-BF4B-00C04F79EFBC}") = "Ejercicio8", "Ejercicio8\Ejercicio8.csproj", "{D923327F-3DD5-4A02-A98F-95C13868FE2B}"
EndProject
Project("{FAE04EC0-301F-11D3-BF4B-00C04F79EFBC}") = "Ejercicio9", "Ejercicio9\Ejercicio9.csproj", "{7F37AABB-E71A-46B5-9D89-48CF851C0E89}"
EndProject
Global
	GlobalSection(SolutionConfigurationPlatforms) = preSolution
		Debug|Any CPU = Debug|Any CPU
		Release|Any CPU = Release|Any CPU
	EndGlobalSection
	GlobalSection(ProjectConfigurationPlatforms) = postSolution
		{D69B4F43-58F9-4DED-AABA-CA31B0E028E0}.Debug|Any CPU.ActiveCfg = Debug|Any CPU
		{D69B4F43-58F9-4DED-AABA-CA31B0E028E0}.Debug|Any CPU.Build.0 = Debug|Any CPU
		{D69B4F43-58F9-4DED-AABA-CA31B0E028E0}.Release|Any CPU.ActiveCfg = Release|Any CPU
		{D69B4F43-58F9-4DED-AABA-CA31B0E028E0}.Release|Any CPU.Build.0 = Release|Any CPU
		{570B2DDD-5466-457D-9E90-34AD02EEAD0C}.Debug|Any CPU.ActiveCfg = Debug|Any CPU
		{570B2DDD-5466-457D-9E90-34AD02EEAD0C}.Debug|Any CPU.Build.0 = Debug|Any CPU
		{570B2DDD-5466-457D-9E90-34AD02EEAD0C}.Release|Any CPU.ActiveCfg = Release|Any CPU
		{570B2DDD-5466-457D-9E90-34AD02EEAD0C}.Release|Any CPU.Build.0 = Release|Any CPU
		{EB986810-714C-4802-8EFE-F0E45466E55C}.Debug|Any CPU.ActiveCfg = Debug|Any CPU
		{EB986810-714C-4802-8EFE-F0E45466E55C}.Debug|Any CPU.Build.0 = Debug|Any CPU
		{EB986810-714C-4802-8EFE-F0E45466E55C}.Release|Any CPU.ActiveCfg = Release|Any CPU
		{EB986810-714C-4802-8EFE-F0E45466E55C}.Release|Any CPU.Build.0 = Release|Any CPU
		{093DA208-323F-4EC3-8C69-781D34EEBFB8}.Debug|Any CPU.ActiveCfg = Debug|Any CPU
		{093DA208-323F-4EC3-8C69-781D34EEBFB8}.Debug|Any CPU.Build.0 = Debug|Any CPU
		{093DA208-323F-4EC3-8C69-781D34EEBFB8}.Release|Any CPU.ActiveCfg = Release|Any CPU
		{093DA208-323F-4EC3-8C69-781D34EEBFB8}.Release|Any CPU.Build.0 = Release|Any CPU
		{7DA50E21-228D-418C-B481-BF0F779A3832}.Debug|Any CPU.ActiveCfg = Debug|Any CPU
		{7DA50E21-228D-418C-B481-BF0F779A3832}.Debug|Any CPU.Build.0 = Debug|Any CPU
		{7DA50E21-228D-418C-B481-BF0F779A3832}.Release|Any CPU.ActiveCfg = Release|Any CPU
		{7DA50E21-228D-418C-B481-BF0F779A3832}.Release|Any CPU.Build.0 = Release|Any CPU
		{15960E51-3EDD-4495-82A2-CCB476A09D1C}.Debug|Any CPU.ActiveCfg = Debug|Any CPU
		{15960E51-3EDD-4495-82A2-CCB476A09D1C}.Debug|Any CPU.Build.0 = Debug|Any CPU
		{15960E51-3EDD-4495-82A2-CCB476A09D1C}.Release|Any CPU.ActiveCfg = Release|Any CPU
		{15960E51-3EDD-4495-82A2-CCB476A09D1C}.Release|Any CPU.Build.0 = Release|Any CPU
		{8A796B87-38CC-4273-8E9D-2F668C54E15D}.Debug|Any CPU.ActiveCfg = Debug|Any CPU
		{8A796B87-38CC-4273-8E9D-2F668C54E15D}.Debug|Any CPU.Build.0 = Debug|Any CPU
		{8A796B87-38CC-4273-8E9D-2F668C54E15D}.Release|Any CPU.ActiveCfg = Release|Any CPU
		{8A796B87-38CC-4273-8E9D-2F668C54E15D}.Release|Any CPU.Build.0 = Release|Any CPU
		{D923327F-3DD5-4A02-A98F-95C13868FE2B}.Debug|Any CPU.ActiveCfg = Debug|Any CPU
		{D923327F-3DD5-4A02-A98F-95C13868FE2B}.Debug|Any CPU.Build.0 = Debug|Any CPU
		{D923327F-3DD5-4A02-A98F-95C13868FE2B}.Release|Any CPU.ActiveCfg = Release|Any CPU
		{D923327F-3DD5-4A02-A98F-95C13868FE2B}.Release|Any CPU.Build.0 = Release|Any CPU
		{7F37AABB-E71A-46B5-9D89-48CF851C0E89}.Debug|Any CPU.ActiveCfg = Debug|Any CPU
		{7F37AABB-E71A-46B5-9D89-48CF851C0E89}.Debug|Any CPU.Build.0 = Debug|Any CPU
		{7F37AABB-E71A-46B5-9D89-48CF851C0E89}.Release|Any CPU.ActiveCfg = Release|Any CPU
		{7F37AABB-E71A-46B5-9D89-48CF851C0E89}.Release|Any CPU.Build.0 = Release|Any CPU
	EndGlobalSection
	GlobalSection(SolutionProperties) = preSolution
		HideSolutionNode = FALSE
	EndGlobalSection
	GlobalSection(ExtensibilityGlobals) = postSolution
		SolutionGuid = {47CA2C1C-CC51-4364-ACD0-28FB04FDF302}
	EndGlobalSection
EndGlobal
